
Microsoft Visual Studio Solution File, Format Version 12.00
# Visual Studio Version 17
VisualStudioVersion = 17.9.34622.214
MinimumVisualStudioVersion = 10.0.40219.1
Project("{888888A0-9F3D-457C-B088-3A5042F75D52}") = "NeuralNetworksApp", "NeuralNetworksApp\NeuralNetworksApp.pyproj", "{13BB6B69-625F-45ED-A213-C8470F791EC1}"
EndProject
Global
	GlobalSection(SolutionConfigurationPlatforms) = preSolution
		Debug|Any CPU = Debug|Any CPU
		Release|Any CPU = Release|Any CPU
	EndGlobalSection
	GlobalSection(ProjectConfigurationPlatforms) = postSolution
		{13BB6B69-625F-45ED-A213-C8470F791EC1}.Debug|Any CPU.ActiveCfg = Debug|Any CPU
		{13BB6B69-625F-45ED-A213-C8470F791EC1}.Release|Any CPU.ActiveCfg = Release|Any CPU
	EndGlobalSection
	GlobalSection(SolutionProperties) = preSolution
		HideSolutionNode = FALSE
	EndGlobalSection
	GlobalSection(ExtensibilityGlobals) = postSolution
		SolutionGuid = {709EA7F2-5A14-423D-97D8-72B2EA81F1B1}
	EndGlobalSection
EndGlobal
